// !$*UTF8*$!
{
	archiveVersion = 1;
	classes = {
	};
	objectVersion = 55;
	objects = {

/* Begin PBXBuildFile section */
		7D8991752C92AC860087A5F3 /* TableViewCell.swift in Sources */ = {isa = PBXBuildFile; fileRef = 7D8991732C92AC860087A5F3 /* TableViewCell.swift */; };
		7D8991762C92AC860087A5F3 /* TableViewCell.xib in Resources */ = {isa = PBXBuildFile; fileRef = 7D8991742C92AC860087A5F3 /* TableViewCell.xib */; };
		7DFC2F6A2C919F7E00B8DDFB /* AppDelegate.swift in Sources */ = {isa = PBXBuildFile; fileRef = 7DFC2F692C919F7E00B8DDFB /* AppDelegate.swift */; };
		7DFC2F6C2C919F7E00B8DDFB /* SceneDelegate.swift in Sources */ = {isa = PBXBuildFile; fileRef = 7DFC2F6B2C919F7E00B8DDFB /* SceneDelegate.swift */; };
		7DFC2F732C919F8200B8DDFB /* Assets.xcassets in Resources */ = {isa = PBXBuildFile; fileRef = 7DFC2F722C919F8200B8DDFB /* Assets.xcassets */; };
		7DFC2F762C919F8200B8DDFB /* LaunchScreen.storyboard in Resources */ = {isa = PBXBuildFile; fileRef = 7DFC2F742C919F8200B8DDFB /* LaunchScreen.storyboard */; };
		7DFC2F7F2C919FCB00B8DDFB /* api.swift in Sources */ = {isa = PBXBuildFile; fileRef = 7DFC2F7E2C919FCB00B8DDFB /* api.swift */; };
		7DFC2F822C91A04E00B8DDFB /* MainViewController.swift in Sources */ = {isa = PBXBuildFile; fileRef = 7DFC2F802C91A04E00B8DDFB /* MainViewController.swift */; };
		7DFC2F832C91A04E00B8DDFB /* MainViewController.xib in Resources */ = {isa = PBXBuildFile; fileRef = 7DFC2F812C91A04E00B8DDFB /* MainViewController.xib */; };
/* End PBXBuildFile section */

/* Begin PBXFileReference section */
		7D8991732C92AC860087A5F3 /* TableViewCell.swift */ = {isa = PBXFileReference; lastKnownFileType = sourcecode.swift; path = TableViewCell.swift; sourceTree = "<group>"; };
		7D8991742C92AC860087A5F3 /* TableViewCell.xib */ = {isa = PBXFileReference; lastKnownFileType = file.xib; path = TableViewCell.xib; sourceTree = "<group>"; };
		7DFC2F662C919F7E00B8DDFB /* testapi.app */ = {isa = PBXFileReference; explicitFileType = wrapper.application; includeInIndex = 0; path = testapi.app; sourceTree = BUILT_PRODUCTS_DIR; };
		7DFC2F692C919F7E00B8DDFB /* AppDelegate.swift */ = {isa = PBXFileReference; lastKnownFileType = sourcecode.swift; path = AppDelegate.swift; sourceTree = "<group>"; };
		7DFC2F6B2C919F7E00B8DDFB /* SceneDelegate.swift */ = {isa = PBXFileReference; lastKnownFileType = sourcecode.swift; path = SceneDelegate.swift; sourceTree = "<group>"; };
		7DFC2F722C919F8200B8DDFB /* Assets.xcassets */ = {isa = PBXFileReference; lastKnownFileType = folder.assetcatalog; path = Assets.xcassets; sourceTree = "<group>"; };
		7DFC2F752C919F8200B8DDFB /* Base */ = {isa = PBXFileReference; lastKnownFileType = file.storyboard; name = Base; path = Base.lproj/LaunchScreen.storyboard; sourceTree = "<group>"; };
		7DFC2F772C919F8200B8DDFB /* Info.plist */ = {isa = PBXFileReference; lastKnownFileType = text.plist.xml; path = Info.plist; sourceTree = "<group>"; };
		7DFC2F7E2C919FCB00B8DDFB /* api.swift */ = {isa = PBXFileReference; lastKnownFileType = sourcecode.swift; path = api.swift; sourceTree = "<group>"; };
		7DFC2F802C91A04E00B8DDFB /* MainViewController.swift */ = {isa = PBXFileReference; lastKnownFileType = sourcecode.swift; path = MainViewController.swift; sourceTree = "<group>"; };
		7DFC2F812C91A04E00B8DDFB /* MainViewController.xib */ = {isa = PBXFileReference; lastKnownFileType = file.xib; path = MainViewController.xib; sourceTree = "<group>"; };
/* End PBXFileReference section */

/* Begin PBXFrameworksBuildPhase section */
		7DFC2F632C919F7E00B8DDFB /* Frameworks */ = {
			isa = PBXFrameworksBuildPhase;
			buildActionMask = 2147483647;
			files = (
			);
			runOnlyForDeploymentPostprocessing = 0;
		};
/* End PBXFrameworksBuildPhase section */

/* Begin PBXGroup section */
		7D8991722C92AC5F0087A5F3 /* tableview */ = {
			isa = PBXGroup;
			children = (
				7D8991732C92AC860087A5F3 /* TableViewCell.swift */,
				7D8991742C92AC860087A5F3 /* TableViewCell.xib */,
			);
			path = tableview;
			sourceTree = "<group>";
		};
		7DFC2F5D2C919F7E00B8DDFB = {
			isa = PBXGroup;
			children = (
				7DFC2F682C919F7E00B8DDFB /* testapi */,
				7DFC2F672C919F7E00B8DDFB /* Products */,
			);
			sourceTree = "<group>";
		};
		7DFC2F672C919F7E00B8DDFB /* Products */ = {
			isa = PBXGroup;
			children = (
				7DFC2F662C919F7E00B8DDFB /* testapi.app */,
			);
			name = Products;
			sourceTree = "<group>";
		};
		7DFC2F682C919F7E00B8DDFB /* testapi */ = {
			isa = PBXGroup;
			children = (
				7D8991722C92AC5F0087A5F3 /* tableview */,
				7DFC2F7D2C919FB900B8DDFB /* model */,
				7DFC2F692C919F7E00B8DDFB /* AppDelegate.swift */,
				7DFC2F6B2C919F7E00B8DDFB /* SceneDelegate.swift */,
				7DFC2F722C919F8200B8DDFB /* Assets.xcassets */,
				7DFC2F742C919F8200B8DDFB /* LaunchScreen.storyboard */,
				7DFC2F772C919F8200B8DDFB /* Info.plist */,
				7DFC2F802C91A04E00B8DDFB /* MainViewController.swift */,
				7DFC2F812C91A04E00B8DDFB /* MainViewController.xib */,
			);
			path = testapi;
			sourceTree = "<group>";
		};
		7DFC2F7D2C919FB900B8DDFB /* model */ = {
			isa = PBXGroup;
			children = (
				7DFC2F7E2C919FCB00B8DDFB /* api.swift */,
			);
			path = model;
			sourceTree = "<group>";
		};
/* End PBXGroup section */

/* Begin PBXNativeTarget section */
		7DFC2F652C919F7E00B8DDFB /* testapi */ = {
			isa = PBXNativeTarget;
			buildConfigurationList = 7DFC2F7A2C919F8200B8DDFB /* Build configuration list for PBXNativeTarget "testapi" */;
			buildPhases = (
				7DFC2F622C919F7E00B8DDFB /* Sources */,
				7DFC2F632C919F7E00B8DDFB /* Frameworks */,
				7DFC2F642C919F7E00B8DDFB /* Resources */,
			);
			buildRules = (
			);
			dependencies = (
			);
			name = testapi;
			productName = testapi;
			productReference = 7DFC2F662C919F7E00B8DDFB /* testapi.app */;
			productType = "com.apple.product-type.application";
		};
/* End PBXNativeTarget section */

/* Begin PBXProject section */
		7DFC2F5E2C919F7E00B8DDFB /* Project object */ = {
			isa = PBXProject;
			attributes = {
				BuildIndependentTargetsInParallel = 1;
				LastSwiftUpdateCheck = 1320;
				LastUpgradeCheck = 1320;
				TargetAttributes = {
					7DFC2F652C919F7E00B8DDFB = {
						CreatedOnToolsVersion = 13.2.1;
					};
				};
			};
			buildConfigurationList = 7DFC2F612C919F7E00B8DDFB /* Build configuration list for PBXProject "testapi" */;
			compatibilityVersion = "Xcode 13.0";
			developmentRegion = en;
			hasScannedForEncodings = 0;
			knownRegions = (
				en,
				Base,
			);
			mainGroup = 7DFC2F5D2C919F7E00B8DDFB;
			productRefGroup = 7DFC2F672C919F7E00B8DDFB /* Products */;
			projectDirPath = "";
			projectRoot = "";
			targets = (
				7DFC2F652C919F7E00B8DDFB /* testapi */,
			);
		};
/* End PBXProject section */

/* Begin PBXResourcesBuildPhase section */
		7DFC2F642C919F7E00B8DDFB /* Resources */ = {
			isa = PBXResourcesBuildPhase;
			buildActionMask = 2147483647;
			files = (
				7DFC2F762C919F8200B8DDFB /* LaunchScreen.storyboard in Resources */,
				7D8991762C92AC860087A5F3 /* TableViewCell.xib in Resources */,
				7DFC2F832C91A04E00B8DDFB /* MainViewController.xib in Resources */,
				7DFC2F732C919F8200B8DDFB /* Assets.xcassets in Resources */,
			);
			runOnlyForDeploymentPostprocessing = 0;
		};
/* End PBXResourcesBuildPhase section */

/* Begin PBXSourcesBuildPhase section */
		7DFC2F622C919F7E00B8DDFB /* Sources */ = {
			isa = PBXSourcesBuildPhase;
			buildActionMask = 2147483647;
			files = (
				7D8991752C92AC860087A5F3 /* TableViewCell.swift in Sources */,
				7DFC2F6A2C919F7E00B8DDFB /* AppDelegate.swift in Sources */,
				7DFC2F7F2C919FCB00B8DDFB /* api.swift in Sources */,
				7DFC2F6C2C919F7E00B8DDFB /* SceneDelegate.swift in Sources */,
				7DFC2F822C91A04E00B8DDFB /* MainViewController.swift in Sources */,
			);
			runOnlyForDeploymentPostprocessing = 0;
		};
/* End PBXSourcesBuildPhase section */

/* Begin PBXVariantGroup section */
		7DFC2F742C919F8200B8DDFB /* LaunchScreen.storyboard */ = {
			isa = PBXVariantGroup;
			children = (
				7DFC2F752C919F8200B8DDFB /* Base */,
			);
			name = LaunchScreen.storyboard;
			sourceTree = "<group>";
		};
/* End PBXVariantGroup section */

/* Begin XCBuildConfiguration section */
		7DFC2F782C919F8200B8DDFB /* Debug */ = {
			isa = XCBuildConfiguration;
			buildSettings = {
				ALWAYS_SEARCH_USER_PATHS = NO;
				CLANG_ANALYZER_NONNULL = YES;
				CLANG_ANALYZER_NUMBER_OBJECT_CONVERSION = YES_AGGRESSIVE;
				CLANG_CXX_LANGUAGE_STANDARD = "gnu++17";
				CLANG_CXX_LIBRARY = "libc++";
				CLANG_ENABLE_MODULES = YES;
				CLANG_ENABLE_OBJC_ARC = YES;
				CLANG_ENABLE_OBJC_WEAK = YES;
				CLANG_WARN_BLOCK_CAPTURE_AUTORELEASING = YES;
				CLANG_WARN_BOOL_CONVERSION = YES;
				CLANG_WARN_COMMA = YES;
				CLANG_WARN_CONSTANT_CONVERSION = YES;
				CLANG_WARN_DEPRECATED_OBJC_IMPLEMENTATIONS = YES;
				CLANG_WARN_DIRECT_OBJC_ISA_USAGE = YES_ERROR;
				CLANG_WARN_DOCUMENTATION_COMMENTS = YES;
				CLANG_WARN_EMPTY_BODY = YES;
				CLANG_WARN_ENUM_CONVERSION = YES;
				CLANG_WARN_INFINITE_RECURSION = YES;
				CLANG_WARN_INT_CONVERSION = YES;
				CLANG_WARN_NON_LITERAL_NULL_CONVERSION = YES;
				CLANG_WARN_OBJC_IMPLICIT_RETAIN_SELF = YES;
				CLANG_WARN_OBJC_LITERAL_CONVERSION = YES;
				CLANG_WARN_OBJC_ROOT_CLASS = YES_ERROR;
				CLANG_WARN_QUOTED_INCLUDE_IN_FRAMEWORK_HEADER = YES;
				CLANG_WARN_RANGE_LOOP_ANALYSIS = YES;
				CLANG_WARN_STRICT_PROTOTYPES = YES;
				CLANG_WARN_SUSPICIOUS_MOVE = YES;
				CLANG_WARN_UNGUARDED_AVAILABILITY = YES_AGGRESSIVE;
				CLANG_WARN_UNREACHABLE_CODE = YES;
				CLANG_WARN__DUPLICATE_METHOD_MATCH = YES;
				COPY_PHASE_STRIP = NO;
				DEBUG_INFORMATION_FORMAT = dwarf;
				ENABLE_STRICT_OBJC_MSGSEND = YES;
				ENABLE_TESTABILITY = YES;
				GCC_C_LANGUAGE_STANDARD = gnu11;
				GCC_DYNAMIC_NO_PIC = NO;
				GCC_NO_COMMON_BLOCKS = YES;
				GCC_OPTIMIZATION_LEVEL = 0;
				GCC_PREPROCESSOR_DEFINITIONS = (
					"DEBUG=1",
					"$(inherited)",
				);
				GCC_WARN_64_TO_32_BIT_CONVERSION = YES;
				GCC_WARN_ABOUT_RETURN_TYPE = YES_ERROR;
				GCC_WARN_UNDECLARED_SELECTOR = YES;
				GCC_WARN_UNINITIALIZED_AUTOS = YES_AGGRESSIVE;
				GCC_WARN_UNUSED_FUNCTION = YES;
				GCC_WARN_UNUSED_VARIABLE = YES;
				IPHONEOS_DEPLOYMENT_TARGET = 15.2;
				MTL_ENABLE_DEBUG_INFO = INCLUDE_SOURCE;
				MTL_FAST_MATH = YES;
				ONLY_ACTIVE_ARCH = YES;
				SDKROOT = iphoneos;
				SWIFT_ACTIVE_COMPILATION_CONDITIONS = DEBUG;
				SWIFT_OPTIMIZATION_LEVEL = "-Onone";
			};
			name = Debug;
		};
		7DFC2F792C919F8200B8DDFB /* Release */ = {
			isa = XCBuildConfiguration;
			buildSettings = {
				ALWAYS_SEARCH_USER_PATHS = NO;
				CLANG_ANALYZER_NONNULL = YES;
				CLANG_ANALYZER_NUMBER_OBJECT_CONVERSION = YES_AGGRESSIVE;
				CLANG_CXX_LANGUAGE_STANDARD = "gnu++17";
				CLANG_CXX_LIBRARY = "libc++";
				CLANG_ENABLE_MODULES = YES;
				CLANG_ENABLE_OBJC_ARC = YES;
				CLANG_ENABLE_OBJC_WEAK = YES;
				CLANG_WARN_BLOCK_CAPTURE_AUTORELEASING = YES;
				CLANG_WARN_BOOL_CONVERSION = YES;
				CLANG_WARN_COMMA = YES;
				CLANG_WARN_CONSTANT_CONVERSION = YES;
				CLANG_WARN_DEPRECATED_OBJC_IMPLEMENTATIONS = YES;
				CLANG_WARN_DIRECT_OBJC_ISA_USAGE = YES_ERROR;
				CLANG_WARN_DOCUMENTATION_COMMENTS = YES;
				CLANG_WARN_EMPTY_BODY = YES;
				CLANG_WARN_ENUM_CONVERSION = YES;
				CLANG_WARN_INFINITE_RECURSION = YES;
				CLANG_WARN_INT_CONVERSION = YES;
				CLANG_WARN_NON_LITERAL_NULL_CONVERSION = YES;
				CLANG_WARN_OBJC_IMPLICIT_RETAIN_SELF = YES;
				CLANG_WARN_OBJC_LITERAL_CONVERSION = YES;
				CLANG_WARN_OBJC_ROOT_CLASS = YES_ERROR;
				CLANG_WARN_QUOTED_INCLUDE_IN_FRAMEWORK_HEADER = YES;
				CLANG_WARN_RANGE_LOOP_ANALYSIS = YES;
				CLANG_WARN_STRICT_PROTOTYPES = YES;
				CLANG_WARN_SUSPICIOUS_MOVE = YES;
				CLANG_WARN_UNGUARDED_AVAILABILITY = YES_AGGRESSIVE;
				CLANG_WARN_UNREACHABLE_CODE = YES;
				CLANG_WARN__DUPLICATE_METHOD_MATCH = YES;
				COPY_PHASE_STRIP = NO;
				DEBUG_INFORMATION_FORMAT = "dwarf-with-dsym";
				ENABLE_NS_ASSERTIONS = NO;
				ENABLE_STRICT_OBJC_MSGSEND = YES;
				GCC_C_LANGUAGE_STANDARD = gnu11;
				GCC_NO_COMMON_BLOCKS = YES;
				GCC_WARN_64_TO_32_BIT_CONVERSION = YES;
				GCC_WARN_ABOUT_RETURN_TYPE = YES_ERROR;
				GCC_WARN_UNDECLARED_SELECTOR = YES;
				GCC_WARN_UNINITIALIZED_AUTOS = YES_AGGRESSIVE;
				GCC_WARN_UNUSED_FUNCTION = YES;
				GCC_WARN_UNUSED_VARIABLE = YES;
				IPHONEOS_DEPLOYMENT_TARGET = 15.2;
				MTL_ENABLE_DEBUG_INFO = NO;
				MTL_FAST_MATH = YES;
				SDKROOT = iphoneos;
				SWIFT_COMPILATION_MODE = wholemodule;
				SWIFT_OPTIMIZATION_LEVEL = "-O";
				VALIDATE_PRODUCT = YES;
			};
			name = Release;
		};
		7DFC2F7B2C919F8200B8DDFB /* Debug */ = {
			isa = XCBuildConfiguration;
			buildSettings = {
				ASSETCATALOG_COMPILER_APPICON_NAME = AppIcon;
				ASSETCATALOG_COMPILER_GLOBAL_ACCENT_COLOR_NAME = AccentColor;
				CODE_SIGN_STYLE = Automatic;
				CURRENT_PROJECT_VERSION = 1;
				DEVELOPMENT_TEAM = S8FBP4YLUA;
				GENERATE_INFOPLIST_FILE = YES;
				INFOPLIST_FILE = testapi/Info.plist;
				INFOPLIST_KEY_UIApplicationSupportsIndirectInputEvents = YES;
				INFOPLIST_KEY_UILaunchStoryboardName = LaunchScreen;
				INFOPLIST_KEY_UISupportedInterfaceOrientations_iPad = "UIInterfaceOrientationPortrait UIInterfaceOrientationPortraitUpsideDown UIInterfaceOrientationLandscapeLeft UIInterfaceOrientationLandscapeRight";
				INFOPLIST_KEY_UISupportedInterfaceOrientations_iPhone = "UIInterfaceOrientationPortrait UIInterfaceOrientationLandscapeLeft UIInterfaceOrientationLandscapeRight";
				LD_RUNPATH_SEARCH_PATHS = (
					"$(inherited)",
					"@executable_path/Frameworks",
				);
				MARKETING_VERSION = 1.0;
				PRODUCT_BUNDLE_IDENTIFIER = com.apple.testapi;
				PRODUCT_NAME = "$(TARGET_NAME)";
				SWIFT_EMIT_LOC_STRINGS = YES;
				SWIFT_VERSION = 5.0;
				TARGETED_DEVICE_FAMILY = "1,2";
			};
			name = Debug;
		};
		7DFC2F7C2C919F8200B8DDFB /* Release */ = {
			isa = XCBuildConfiguration;
			buildSettings = {
				ASSETCATALOG_COMPILER_APPICON_NAME = AppIcon;
				ASSETCATALOG_COMPILER_GLOBAL_ACCENT_COLOR_NAME = AccentColor;
				CODE_SIGN_STYLE = Automatic;
				CURRENT_PROJECT_VERSION = 1;
				DEVELOPMENT_TEAM = S8FBP4YLUA;
				GENERATE_INFOPLIST_FILE = YES;
				INFOPLIST_FILE = testapi/Info.plist;
				INFOPLIST_KEY_UIApplicationSupportsIndirectInputEvents = YES;
				INFOPLIST_KEY_UILaunchStoryboardName = LaunchScreen;
				INFOPLIST_KEY_UISupportedInterfaceOrientations_iPad = "UIInterfaceOrientationPortrait UIInterfaceOrientationPortraitUpsideDown UIInterfaceOrientationLandscapeLeft UIInterfaceOrientationLandscapeRight";
				INFOPLIST_KEY_UISupportedInterfaceOrientations_iPhone = "UIInterfaceOrientationPortrait UIInterfaceOrientationLandscapeLeft UIInterfaceOrientationLandscapeRight";
				LD_RUNPATH_SEARCH_PATHS = (
					"$(inherited)",
					"@executable_path/Frameworks",
				);
				MARKETING_VERSION = 1.0;
				PRODUCT_BUNDLE_IDENTIFIER = com.apple.testapi;
				PRODUCT_NAME = "$(TARGET_NAME)";
				SWIFT_EMIT_LOC_STRINGS = YES;
				SWIFT_VERSION = 5.0;
				TARGETED_DEVICE_FAMILY = "1,2";
			};
			name = Release;
		};
/* End XCBuildConfiguration section */

/* Begin XCConfigurationList section */
		7DFC2F612C919F7E00B8DDFB /* Build configuration list for PBXProject "testapi" */ = {
			isa = XCConfigurationList;
			buildConfigurations = (
				7DFC2F782C919F8200B8DDFB /* Debug */,
				7DFC2F792C919F8200B8DDFB /* Release */,
			);
			defaultConfigurationIsVisible = 0;
			defaultConfigurationName = Release;
		};
		7DFC2F7A2C919F8200B8DDFB /* Build configuration list for PBXNativeTarget "testapi" */ = {
			isa = XCConfigurationList;
			buildConfigurations = (
				7DFC2F7B2C919F8200B8DDFB /* Debug */,
				7DFC2F7C2C919F8200B8DDFB /* Release */,
			);
			defaultConfigurationIsVisible = 0;
			defaultConfigurationName = Release;
		};
/* End XCConfigurationList section */
	};
	rootObject = 7DFC2F5E2C919F7E00B8DDFB /* Project object */;
}
